<?xml version="1.0" encoding="utf-8"?>
<Project ToolsVersion="4.0" xmlns="http://schemas.microsoft.com/developer/msbuild/2003">
  <ItemGroup>
    <Filter Include="Source Files">
      <UniqueIdentifier>{4FC737F1-C7A5-4376-A066-2A32D752A2FF}</UniqueIdentifier>
      <Extensions>cpp;c;cc;cxx;c++;def;odl;idl;hpj;bat;asm;asmx</Extensions>
    </Filter>
    <Filter Include="Header Files">
      <UniqueIdentifier>{93995380-89BD-4b04-88EB-625FBE52EBFB}</UniqueIdentifier>
      <Extensions>h;hh;hpp;hxx;h++;hm;inl;inc;ipp;xsd</Extensions>
    </Filter>
    <Filter Include="Resource Files">
      <UniqueIdentifier>{67DA6AB6-F800-4c08-8B7A-83BB121AAD01}</UniqueIdentifier>
      <Extensions>rc;ico;cur;bmp;dlg;rc2;rct;bin;rgs;gif;jpg;jpeg;jpe;resx;tiff;tif;png;wav;mfcribbon-ms</Extensions>
    </Filter>
  </ItemGroup>
  <ItemGroup>
    <ClInclude Include="DirectXDrawing.h">
      <Filter>Header Files</Filter>
    </ClInclude>
    <ClInclude Include="DirectXDrawingDialog.h">
      <Filter>Header Files</Filter>
    </ClInclude>
    <ClInclude Include="framework.h">
      <Filter>Header Files</Filter>
    </ClInclude>
    <ClInclude Include="targetver.h">
      <Filter>Header Files</Filter>
    </ClInclude>
    <ClInclude Include="Resource.h">
      <Filter>Header Files</Filter>
    </ClInclude>
    <ClInclude Include="pch.h">
      <Filter>Header Files</Filter>
    </ClInclude>
    <ClInclude Include="ZoomTab.h">
      <Filter>Header Files</Filter>
    </ClInclude>
    <ClInclude Include="IntensityTab.h">
      <Filter>Header Files</Filter>
    </ClInclude>
    <ClInclude Include="ColorTab.h">
      <Filter>Header Files</Filter>
    </ClInclude>
    <ClInclude Include="RearrangeTab.h">
      <Filter>Header Files</Filter>
    </ClInclude>
    <ClInclude Include="NetworkTab.h">
      <Filter>Header Files</Filter>
    </ClInclude>
    <ClInclude Include="TabControl.h">
      <Filter>Header Files</Filter>
    </ClInclude>
    <ClInclude Include="D3DApp.h">
      <Filter>Header Files</Filter>
    </ClInclude>
    <ClInclude Include="DirectXScreen.h">
      <Filter>Header Files</Filter>
    </ClInclude>
    <ClInclude Include="DirectXScreenPlaceholder.h">
      <Filter>Header Files</Filter>
    </ClInclude>
    <ClInclude Include="Vertex.h">
      <Filter>Header Files</Filter>
    </ClInclude>
    <ClInclude Include="D3DShape.h">
      <Filter>Header Files</Filter>
    </ClInclude>
    <ClInclude Include="Controller.h">
      <Filter>Header Files</Filter>
    </ClInclude>
    <ClInclude Include="ShapeManager.h">
      <Filter>Header Files</Filter>
    </ClInclude>
    <ClInclude Include="Shape.h">
      <Filter>Header Files</Filter>
    </ClInclude>
    <ClInclude Include="ShapeTypes.h">
      <Filter>Header Files</Filter>
    </ClInclude>
    <ClInclude Include="Color.h">
      <Filter>Header Files</Filter>
    </ClInclude>
  </ItemGroup>
  <ItemGroup>
    <ClCompile Include="DirectXDrawing.cpp">
      <Filter>Source Files</Filter>
    </ClCompile>
    <ClCompile Include="DirectXDrawingDialog.cpp">
      <Filter>Source Files</Filter>
    </ClCompile>
    <ClCompile Include="pch.cpp">
      <Filter>Source Files</Filter>
    </ClCompile>
    <ClCompile Include="ZoomTab.cpp">
      <Filter>Source Files</Filter>
    </ClCompile>
    <ClCompile Include="IntensityTab.cpp">
      <Filter>Source Files</Filter>
    </ClCompile>
    <ClCompile Include="ColorTab.cpp">
      <Filter>Source Files</Filter>
    </ClCompile>
    <ClCompile Include="RearrangeTab.cpp">
      <Filter>Source Files</Filter>
    </ClCompile>
    <ClCompile Include="NetworkTab.cpp">
      <Filter>Source Files</Filter>
    </ClCompile>
    <ClCompile Include="TabControl.cpp">
      <Filter>Source Files</Filter>
    </ClCompile>
    <ClCompile Include="D3DApp.cpp">
      <Filter>Source Files</Filter>
    </ClCompile>
    <ClCompile Include="DirectXScreen.cpp">
      <Filter>Source Files</Filter>
    </ClCompile>
    <ClCompile Include="DirectXScreenPlaceholder.cpp">
      <Filter>Source Files</Filter>
    </ClCompile>
    <ClCompile Include="Controller.cpp">
      <Filter>Source Files</Filter>
    </ClCompile>
    <ClCompile Include="ShapeManager.cpp">
      <Filter>Source Files</Filter>
    </ClCompile>
    <ClCompile Include="Shape.cpp">
      <Filter>Source Files</Filter>
    </ClCompile>
  </ItemGroup>
  <ItemGroup>
    <ResourceCompile Include="DirectXDrawing.rc">
      <Filter>Resource Files</Filter>
    </ResourceCompile>
  </ItemGroup>
  <ItemGroup>
    <None Include="res\DirectXDrawing.rc2">
      <Filter>Resource Files</Filter>
    </None>
  </ItemGroup>
  <ItemGroup>
    <Image Include="res\DirectXDrawing.ico">
      <Filter>Resource Files</Filter>
    </Image>
    <Image Include="res\bitmap1.bmp">
      <Filter>Resource Files</Filter>
    </Image>
    <Image Include="Debug\Images\Button_Circle.bmp">
      <Filter>Resource Files</Filter>
    </Image>
    <Image Include="Debug\Images\Button_Ellipse.bmp">
      <Filter>Resource Files</Filter>
    </Image>
    <Image Include="Debug\Images\Button_Line.bmp">
      <Filter>Resource Files</Filter>
    </Image>
    <Image Include="Debug\Images\Button_Open_Polygon.bmp">
      <Filter>Resource Files</Filter>
    </Image>
    <Image Include="Debug\Images\Button_Polygon.bmp">
      <Filter>Resource Files</Filter>
    </Image>
    <Image Include="Debug\Images\Button_Rectangle.bmp">
      <Filter>Resource Files</Filter>
    </Image>
    <Image Include="debug\images\bitmap1.bmp">
      <Filter>Resource Files</Filter>
    </Image>
    <Image Include="Debug\Images\Button_Zoom_In.bmp">
      <Filter>Resource Files</Filter>
    </Image>
    <Image Include="Debug\Images\Button_Zoom_Out.bmp">
      <Filter>Resource Files</Filter>
    </Image>
    <Image Include="Debug\Images\Button_Bring_To_Front.bmp">
      <Filter>Resource Files</Filter>
    </Image>
    <Image Include="Debug\Images\Button_Send_To_Back.bmp">
      <Filter>Resource Files</Filter>
    </Image>
  </ItemGroup>
</Project>